// !$*UTF8*$!
{
	archiveVersion = 1;
	classes = {
	};
	objectVersion = 46;
	objects = {

/* Begin PBXBuildFile section */
		8CE44E021D63F9C1005F8A50 /* AirLogClientLib.h in CopyFiles */ = {isa = PBXBuildFile; fileRef = 8CE44E011D63F9C1005F8A50 /* AirLogClientLib.h */; };
		8CE44E041D63F9C1005F8A50 /* AirLogClientLib.m in Sources */ = {isa = PBXBuildFile; fileRef = 8CE44E031D63F9C1005F8A50 /* AirLogClientLib.m */; };
		8CE44E471D6403BA005F8A50 /* GCDAsyncSocket.m in Sources */ = {isa = PBXBuildFile; fileRef = 8CE44E441D64022D005F8A50 /* GCDAsyncSocket.m */; };
		8CE44E481D6403BD005F8A50 /* GCDAsyncUdpSocket.m in Sources */ = {isa = PBXBuildFile; fileRef = 8CE44E461D64022D005F8A50 /* GCDAsyncUdpSocket.m */; };
/* End PBXBuildFile section */

/* Begin PBXCopyFilesBuildPhase section */
		8CE44DFC1D63F9C1005F8A50 /* CopyFiles */ = {
			isa = PBXCopyFilesBuildPhase;
			buildActionMask = 2147483647;
			dstPath = "include/$(PRODUCT_NAME)";
			dstSubfolderSpec = 16;
			files = (
				8CE44E021D63F9C1005F8A50 /* AirLogClientLib.h in CopyFiles */,
			);
			runOnlyForDeploymentPostprocessing = 0;
		};
/* End PBXCopyFilesBuildPhase section */

/* Begin PBXFileReference section */
		8CE44DFE1D63F9C1005F8A50 /* libAirLogClientLib.a */ = {isa = PBXFileReference; explicitFileType = archive.ar; includeInIndex = 0; path = libAirLogClientLib.a; sourceTree = BUILT_PRODUCTS_DIR; };
		8CE44E011D63F9C1005F8A50 /* AirLogClientLib.h */ = {isa = PBXFileReference; lastKnownFileType = sourcecode.c.h; path = AirLogClientLib.h; sourceTree = "<group>"; };
		8CE44E031D63F9C1005F8A50 /* AirLogClientLib.m */ = {isa = PBXFileReference; lastKnownFileType = sourcecode.c.objc; path = AirLogClientLib.m; sourceTree = "<group>"; };
		8CE44E431D64022D005F8A50 /* GCDAsyncSocket.h */ = {isa = PBXFileReference; lastKnownFileType = sourcecode.c.h; path = GCDAsyncSocket.h; sourceTree = "<group>"; };
		8CE44E441D64022D005F8A50 /* GCDAsyncSocket.m */ = {isa = PBXFileReference; lastKnownFileType = sourcecode.c.objc; path = GCDAsyncSocket.m; sourceTree = "<group>"; };
		8CE44E451D64022D005F8A50 /* GCDAsyncUdpSocket.h */ = {isa = PBXFileReference; lastKnownFileType = sourcecode.c.h; path = GCDAsyncUdpSocket.h; sourceTree = "<group>"; };
		8CE44E461D64022D005F8A50 /* GCDAsyncUdpSocket.m */ = {isa = PBXFileReference; lastKnownFileType = sourcecode.c.objc; path = GCDAsyncUdpSocket.m; sourceTree = "<group>"; };
/* End PBXFileReference section */

/* Begin PBXFrameworksBuildPhase section */
		8CE44DFB1D63F9C1005F8A50 /* Frameworks */ = {
			isa = PBXFrameworksBuildPhase;
			buildActionMask = 2147483647;
			files = (
			);
			runOnlyForDeploymentPostprocessing = 0;
		};
/* End PBXFrameworksBuildPhase section */

/* Begin PBXGroup section */
		8CE44DF51D63F9C1005F8A50 = {
			isa = PBXGroup;
			children = (
				8CE44E001D63F9C1005F8A50 /* AirLogClientLib */,
				8CE44DFF1D63F9C1005F8A50 /* Products */,
			);
			sourceTree = "<group>";
		};
		8CE44DFF1D63F9C1005F8A50 /* Products */ = {
			isa = PBXGroup;
			children = (
				8CE44DFE1D63F9C1005F8A50 /* libAirLogClientLib.a */,
			);
			name = Products;
			sourceTree = "<group>";
		};
		8CE44E001D63F9C1005F8A50 /* AirLogClientLib */ = {
			isa = PBXGroup;
			children = (
				8CE44E011D63F9C1005F8A50 /* AirLogClientLib.h */,
				8CE44E031D63F9C1005F8A50 /* AirLogClientLib.m */,
				8CE44E421D64022D005F8A50 /* GCDSocket */,
			);
			path = AirLogClientLib;
			sourceTree = "<group>";
		};
		8CE44E421D64022D005F8A50 /* GCDSocket */ = {
			isa = PBXGroup;
			children = (
				8CE44E431D64022D005F8A50 /* GCDAsyncSocket.h */,
				8CE44E441D64022D005F8A50 /* GCDAsyncSocket.m */,
				8CE44E451D64022D005F8A50 /* GCDAsyncUdpSocket.h */,
				8CE44E461D64022D005F8A50 /* GCDAsyncUdpSocket.m */,
			);
			path = GCDSocket;
			sourceTree = "<group>";
		};
/* End PBXGroup section */

/* Begin PBXNativeTarget section */
		8CE44DFD1D63F9C1005F8A50 /* AirLogClientLib */ = {
			isa = PBXNativeTarget;
			buildConfigurationList = 8CE44E071D63F9C1005F8A50 /* Build configuration list for PBXNativeTarget "AirLogClientLib" */;
			buildPhases = (
				8CE44DFA1D63F9C1005F8A50 /* Sources */,
				8CE44DFB1D63F9C1005F8A50 /* Frameworks */,
				8CE44DFC1D63F9C1005F8A50 /* CopyFiles */,
			);
			buildRules = (
			);
			dependencies = (
			);
			name = AirLogClientLib;
			productName = AirLogClientLib;
			productReference = 8CE44DFE1D63F9C1005F8A50 /* libAirLogClientLib.a */;
			productType = "com.apple.product-type.library.static";
		};
/* End PBXNativeTarget section */

/* Begin PBXProject section */
		8CE44DF61D63F9C1005F8A50 /* Project object */ = {
			isa = PBXProject;
			attributes = {
				LastUpgradeCheck = 0730;
				ORGANIZATIONNAME = Realank;
				TargetAttributes = {
					8CE44DFD1D63F9C1005F8A50 = {
						CreatedOnToolsVersion = 7.3.1;
					};
				};
			};
			buildConfigurationList = 8CE44DF91D63F9C1005F8A50 /* Build configuration list for PBXProject "AirLogClientLib" */;
			compatibilityVersion = "Xcode 3.2";
			developmentRegion = English;
			hasScannedForEncodings = 0;
			knownRegions = (
				en,
			);
			mainGroup = 8CE44DF51D63F9C1005F8A50;
			productRefGroup = 8CE44DFF1D63F9C1005F8A50 /* Products */;
			projectDirPath = "";
			projectRoot = "";
			targets = (
				8CE44DFD1D63F9C1005F8A50 /* AirLogClientLib */,
			);
		};
/* End PBXProject section */

/* Begin PBXSourcesBuildPhase section */
		8CE44DFA1D63F9C1005F8A50 /* Sources */ = {
			isa = PBXSourcesBuildPhase;
			buildActionMask = 2147483647;
			files = (
				8CE44E481D6403BD005F8A50 /* GCDAsyncUdpSocket.m in Sources */,
				8CE44E471D6403BA005F8A50 /* GCDAsyncSocket.m in Sources */,
				8CE44E041D63F9C1005F8A50 /* AirLogClientLib.m in Sources */,
			);
			runOnlyForDeploymentPostprocessing = 0;
		};
/* End PBXSourcesBuildPhase section */

/* Begin XCBuildConfiguration section */
		8CE44E051D63F9C1005F8A50 /* Debug */ = {
			isa = XCBuildConfiguration;
			buildSettings = {
				ALWAYS_SEARCH_USER_PATHS = NO;
				CLANG_ANALYZER_NONNULL = YES;
				CLANG_CXX_LANGUAGE_STANDARD = "gnu++0x";
				CLANG_CXX_LIBRARY = "libc++";
				CLANG_ENABLE_MODULES = YES;
				CLANG_ENABLE_OBJC_ARC = YES;
				CLANG_WARN_BOOL_CONVERSION = YES;
				CLANG_WARN_CONSTANT_CONVERSION = YES;
				CLANG_WARN_DIRECT_OBJC_ISA_USAGE = YES_ERROR;
				CLANG_WARN_EMPTY_BODY = YES;
				CLANG_WARN_ENUM_CONVERSION = YES;
				CLANG_WARN_INT_CONVERSION = YES;
				CLANG_WARN_OBJC_ROOT_CLASS = YES_ERROR;
				CLANG_WARN_UNREACHABLE_CODE = YES;
				CLANG_WARN__DUPLICATE_METHOD_MATCH = YES;
				"CODE_SIGN_IDENTITY[sdk=iphoneos*]" = "iPhone Developer";
				COPY_PHASE_STRIP = NO;
				DEBUG_INFORMATION_FORMAT = dwarf;
				ENABLE_STRICT_OBJC_MSGSEND = YES;
				ENABLE_TESTABILITY = YES;
				GCC_C_LANGUAGE_STANDARD = gnu99;
				GCC_DYNAMIC_NO_PIC = NO;
				GCC_NO_COMMON_BLOCKS = YES;
				GCC_OPTIMIZATION_LEVEL = 0;
				GCC_PREPROCESSOR_DEFINITIONS = (
					"DEBUG=1",
					"$(inherited)",
				);
				GCC_WARN_64_TO_32_BIT_CONVERSION = YES;
				GCC_WARN_ABOUT_RETURN_TYPE = YES_ERROR;
				GCC_WARN_UNDECLARED_SELECTOR = YES;
				GCC_WARN_UNINITIALIZED_AUTOS = YES_AGGRESSIVE;
				GCC_WARN_UNUSED_FUNCTION = YES;
				GCC_WARN_UNUSED_VARIABLE = YES;
				IPHONEOS_DEPLOYMENT_TARGET = 9.3;
				MTL_ENABLE_DEBUG_INFO = YES;
				ONLY_ACTIVE_ARCH = NO;
				SDKROOT = iphoneos;
			};
			name = Debug;
		};
		8CE44E061D63F9C1005F8A50 /* Release */ = {
			isa = XCBuildConfiguration;
			buildSettings = {
				ALWAYS_SEARCH_USER_PATHS = NO;
				CLANG_ANALYZER_NONNULL = YES;
				CLANG_CXX_LANGUAGE_STANDARD = "gnu++0x";
				CLANG_CXX_LIBRARY = "libc++";
				CLANG_ENABLE_MODULES = YES;
				CLANG_ENABLE_OBJC_ARC = YES;
				CLANG_WARN_BOOL_CONVERSION = YES;
				CLANG_WARN_CONSTANT_CONVERSION = YES;
				CLANG_WARN_DIRECT_OBJC_ISA_USAGE = YES_ERROR;
				CLANG_WARN_EMPTY_BODY = YES;
				CLANG_WARN_ENUM_CONVERSION = YES;
				CLANG_WARN_INT_CONVERSION = YES;
				CLANG_WARN_OBJC_ROOT_CLASS = YES_ERROR;
				CLANG_WARN_UNREACHABLE_CODE = YES;
				CLANG_WARN__DUPLICATE_METHOD_MATCH = YES;
				"CODE_SIGN_IDENTITY[sdk=iphoneos*]" = "iPhone Developer";
				COPY_PHASE_STRIP = NO;
				DEBUG_INFORMATION_FORMAT = "dwarf-with-dsym";
				ENABLE_NS_ASSERTIONS = NO;
				ENABLE_STRICT_OBJC_MSGSEND = YES;
				GCC_C_LANGUAGE_STANDARD = gnu99;
				GCC_NO_COMMON_BLOCKS = YES;
				GCC_WARN_64_TO_32_BIT_CONVERSION = YES;
				GCC_WARN_ABOUT_RETURN_TYPE = YES_ERROR;
				GCC_WARN_UNDECLARED_SELECTOR = YES;
				GCC_WARN_UNINITIALIZED_AUTOS = YES_AGGRESSIVE;
				GCC_WARN_UNUSED_FUNCTION = YES;
				GCC_WARN_UNUSED_VARIABLE = YES;
				IPHONEOS_DEPLOYMENT_TARGET = 9.3;
				MTL_ENABLE_DEBUG_INFO = NO;
				SDKROOT = iphoneos;
				VALIDATE_PRODUCT = YES;
			};
			name = Release;
		};
		8CE44E081D63F9C1005F8A50 /* Debug */ = {
			isa = XCBuildConfiguration;
			buildSettings = {
				HEADER_SEARCH_PATHS = "$(SRCROOT)/**";
				ONLY_ACTIVE_ARCH = NO;
				OTHER_LDFLAGS = "-ObjC";
				PRODUCT_NAME = "$(TARGET_NAME)";
				SKIP_INSTALL = YES;
			};
			name = Debug;
		};
		8CE44E091D63F9C1005F8A50 /* Release */ = {
			isa = XCBuildConfiguration;
			buildSettings = {
				HEADER_SEARCH_PATHS = "$(SRCROOT)/**";
				ONLY_ACTIVE_ARCH = YES;
				OTHER_LDFLAGS = "-ObjC";
				PRODUCT_NAME = "$(TARGET_NAME)";
				SKIP_INSTALL = YES;
			};
			name = Release;
		};
/* End XCBuildConfiguration section */

/* Begin XCConfigurationList section */
		8CE44DF91D63F9C1005F8A50 /* Build configuration list for PBXProject "AirLogClientLib" */ = {
			isa = XCConfigurationList;
			buildConfigurations = (
				8CE44E051D63F9C1005F8A50 /* Debug */,
				8CE44E061D63F9C1005F8A50 /* Release */,
			);
			defaultConfigurationIsVisible = 0;
			defaultConfigurationName = Release;
		};
		8CE44E071D63F9C1005F8A50 /* Build configuration list for PBXNativeTarget "AirLogClientLib" */ = {
			isa = XCConfigurationList;
			buildConfigurations = (
				8CE44E081D63F9C1005F8A50 /* Debug */,
				8CE44E091D63F9C1005F8A50 /* Release */,
			);
			defaultConfigurationIsVisible = 0;
			defaultConfigurationName = Release;
		};
/* End XCConfigurationList section */
	};
	rootObject = 8CE44DF61D63F9C1005F8A50 /* Project object */;
}
